
Microsoft Visual Studio Solution File, Format Version 12.00
# Visual Studio Version 16
VisualStudioVersion = 16.0.32228.343
MinimumVisualStudioVersion = 10.0.40219.1
Project("{2150E333-8FDC-42A3-9474-1A3956D46DE8}") = "Core", "Core", "{D193A365-D0C4-45F6-8DF8-4920B9531D49}"
EndProject
Project("{2150E333-8FDC-42A3-9474-1A3956D46DE8}") = "Infrastacture", "Infrastacture", "{355A21AF-8CD4-4EF1-A1EF-2497D3903C44}"
EndProject
Project("{9A19103F-16F7-4668-BE54-9A1E7A4F7556}") = "Domain", "Domain\Domain.csproj", "{94DCCA20-5C5E-48D9-9491-A54FA3FCA8C0}"
EndProject
Project("{9A19103F-16F7-4668-BE54-9A1E7A4F7556}") = "Services", "Services\Services.csproj", "{55F771ED-9838-463A-B7A0-D6ABAF1D6BD5}"
EndProject
Project("{9A19103F-16F7-4668-BE54-9A1E7A4F7556}") = "Presentation", "Presentation\Presentation.csproj", "{3110E1BA-8238-4D99-8515-39D32E00A5D3}"
EndProject
Project("{9A19103F-16F7-4668-BE54-9A1E7A4F7556}") = "Persistence", "Persistence\Persistence.csproj", "{3E7F77AA-3D7D-40D9-AA9D-7C0016D9BD77}"
EndProject
Project("{9A19103F-16F7-4668-BE54-9A1E7A4F7556}") = "WebApp", "WebApp\WebApp.csproj", "{51F7C737-5147-45B0-AB8E-D80790B5B372}"
EndProject
Project("{9A19103F-16F7-4668-BE54-9A1E7A4F7556}") = "Contracts", "Contracts\Contracts.csproj", "{96FF11B4-982B-4656-81E7-55AB87897216}"
EndProject
Project("{9A19103F-16F7-4668-BE54-9A1E7A4F7556}") = "Services.Abstractions", "Services.Abstractions\Services.Abstractions.csproj", "{41D46084-EB94-4ABA-A17D-CE25C355E56E}"
EndProject
Global
	GlobalSection(SolutionConfigurationPlatforms) = preSolution
		Debug|Any CPU = Debug|Any CPU
		Release|Any CPU = Release|Any CPU
	EndGlobalSection
	GlobalSection(ProjectConfigurationPlatforms) = postSolution
		{94DCCA20-5C5E-48D9-9491-A54FA3FCA8C0}.Debug|Any CPU.ActiveCfg = Debug|Any CPU
		{94DCCA20-5C5E-48D9-9491-A54FA3FCA8C0}.Debug|Any CPU.Build.0 = Debug|Any CPU
		{94DCCA20-5C5E-48D9-9491-A54FA3FCA8C0}.Release|Any CPU.ActiveCfg = Release|Any CPU
		{94DCCA20-5C5E-48D9-9491-A54FA3FCA8C0}.Release|Any CPU.Build.0 = Release|Any CPU
		{55F771ED-9838-463A-B7A0-D6ABAF1D6BD5}.Debug|Any CPU.ActiveCfg = Debug|Any CPU
		{55F771ED-9838-463A-B7A0-D6ABAF1D6BD5}.Debug|Any CPU.Build.0 = Debug|Any CPU
		{55F771ED-9838-463A-B7A0-D6ABAF1D6BD5}.Release|Any CPU.ActiveCfg = Release|Any CPU
		{55F771ED-9838-463A-B7A0-D6ABAF1D6BD5}.Release|Any CPU.Build.0 = Release|Any CPU
		{3110E1BA-8238-4D99-8515-39D32E00A5D3}.Debug|Any CPU.ActiveCfg = Debug|Any CPU
		{3110E1BA-8238-4D99-8515-39D32E00A5D3}.Debug|Any CPU.Build.0 = Debug|Any CPU
		{3110E1BA-8238-4D99-8515-39D32E00A5D3}.Release|Any CPU.ActiveCfg = Release|Any CPU
		{3110E1BA-8238-4D99-8515-39D32E00A5D3}.Release|Any CPU.Build.0 = Release|Any CPU
		{3E7F77AA-3D7D-40D9-AA9D-7C0016D9BD77}.Debug|Any CPU.ActiveCfg = Debug|Any CPU
		{3E7F77AA-3D7D-40D9-AA9D-7C0016D9BD77}.Debug|Any CPU.Build.0 = Debug|Any CPU
		{3E7F77AA-3D7D-40D9-AA9D-7C0016D9BD77}.Release|Any CPU.ActiveCfg = Release|Any CPU
		{3E7F77AA-3D7D-40D9-AA9D-7C0016D9BD77}.Release|Any CPU.Build.0 = Release|Any CPU
		{51F7C737-5147-45B0-AB8E-D80790B5B372}.Debug|Any CPU.ActiveCfg = Debug|Any CPU
		{51F7C737-5147-45B0-AB8E-D80790B5B372}.Debug|Any CPU.Build.0 = Debug|Any CPU
		{51F7C737-5147-45B0-AB8E-D80790B5B372}.Release|Any CPU.ActiveCfg = Release|Any CPU
		{51F7C737-5147-45B0-AB8E-D80790B5B372}.Release|Any CPU.Build.0 = Release|Any CPU
		{96FF11B4-982B-4656-81E7-55AB87897216}.Debug|Any CPU.ActiveCfg = Debug|Any CPU
		{96FF11B4-982B-4656-81E7-55AB87897216}.Debug|Any CPU.Build.0 = Debug|Any CPU
		{96FF11B4-982B-4656-81E7-55AB87897216}.Release|Any CPU.ActiveCfg = Release|Any CPU
		{96FF11B4-982B-4656-81E7-55AB87897216}.Release|Any CPU.Build.0 = Release|Any CPU
		{41D46084-EB94-4ABA-A17D-CE25C355E56E}.Debug|Any CPU.ActiveCfg = Debug|Any CPU
		{41D46084-EB94-4ABA-A17D-CE25C355E56E}.Debug|Any CPU.Build.0 = Debug|Any CPU
		{41D46084-EB94-4ABA-A17D-CE25C355E56E}.Release|Any CPU.ActiveCfg = Release|Any CPU
		{41D46084-EB94-4ABA-A17D-CE25C355E56E}.Release|Any CPU.Build.0 = Release|Any CPU
	EndGlobalSection
	GlobalSection(SolutionProperties) = preSolution
		HideSolutionNode = FALSE
	EndGlobalSection
	GlobalSection(NestedProjects) = preSolution
		{94DCCA20-5C5E-48D9-9491-A54FA3FCA8C0} = {D193A365-D0C4-45F6-8DF8-4920B9531D49}
		{55F771ED-9838-463A-B7A0-D6ABAF1D6BD5} = {D193A365-D0C4-45F6-8DF8-4920B9531D49}
		{3110E1BA-8238-4D99-8515-39D32E00A5D3} = {355A21AF-8CD4-4EF1-A1EF-2497D3903C44}
		{3E7F77AA-3D7D-40D9-AA9D-7C0016D9BD77} = {355A21AF-8CD4-4EF1-A1EF-2497D3903C44}
		{96FF11B4-982B-4656-81E7-55AB87897216} = {D193A365-D0C4-45F6-8DF8-4920B9531D49}
		{41D46084-EB94-4ABA-A17D-CE25C355E56E} = {D193A365-D0C4-45F6-8DF8-4920B9531D49}
	EndGlobalSection
	GlobalSection(ExtensibilityGlobals) = postSolution
		SolutionGuid = {2FD972BA-4B27-45EF-8CBF-52EC7C63434A}
	EndGlobalSection
EndGlobal
